// !$*UTF8*$!
{
	archiveVersion = 1;
	classes = {
	};
	objectVersion = 50;
	objects = {

/* Begin PBXBuildFile section */
		3005330021D4A1F100256AAA /* BorderButton.swift in Sources */ = {isa = PBXBuildFile; fileRef = 300532FF21D4A1F100256AAA /* BorderButton.swift */; };
		3005330521D4FEBA00256AAA /* LeagueVC.swift in Sources */ = {isa = PBXBuildFile; fileRef = 3005330421D4FEBA00256AAA /* LeagueVC.swift */; };
		3005330721D4FEF100256AAA /* SkillVC.swift in Sources */ = {isa = PBXBuildFile; fileRef = 3005330621D4FEF100256AAA /* SkillVC.swift */; };
		30B896AF21D49BDD004BA505 /* AppDelegate.swift in Sources */ = {isa = PBXBuildFile; fileRef = 30B896AE21D49BDD004BA505 /* AppDelegate.swift */; };
		30B896B121D49BDD004BA505 /* WelcomeVC.swift in Sources */ = {isa = PBXBuildFile; fileRef = 30B896B021D49BDD004BA505 /* WelcomeVC.swift */; };
		30B896B421D49BDD004BA505 /* Main.storyboard in Resources */ = {isa = PBXBuildFile; fileRef = 30B896B221D49BDD004BA505 /* Main.storyboard */; };
		30B896B621D49BDF004BA505 /* Assets.xcassets in Resources */ = {isa = PBXBuildFile; fileRef = 30B896B521D49BDF004BA505 /* Assets.xcassets */; };
		30B896B921D49BDF004BA505 /* LaunchScreen.storyboard in Resources */ = {isa = PBXBuildFile; fileRef = 30B896B721D49BDF004BA505 /* LaunchScreen.storyboard */; };
		919A700D4C179487A3189512 /* Pods_Swoosh_iOS.framework in Frameworks */ = {isa = PBXBuildFile; fileRef = 28674D3FB2C01999CFD2FB43 /* Pods_Swoosh_iOS.framework */; };
/* End PBXBuildFile section */

/* Begin PBXFileReference section */
		28674D3FB2C01999CFD2FB43 /* Pods_Swoosh_iOS.framework */ = {isa = PBXFileReference; explicitFileType = wrapper.framework; includeInIndex = 0; path = Pods_Swoosh_iOS.framework; sourceTree = BUILT_PRODUCTS_DIR; };
		300532FF21D4A1F100256AAA /* BorderButton.swift */ = {isa = PBXFileReference; lastKnownFileType = sourcecode.swift; path = BorderButton.swift; sourceTree = "<group>"; };
		3005330421D4FEBA00256AAA /* LeagueVC.swift */ = {isa = PBXFileReference; lastKnownFileType = sourcecode.swift; path = LeagueVC.swift; sourceTree = "<group>"; };
		3005330621D4FEF100256AAA /* SkillVC.swift */ = {isa = PBXFileReference; lastKnownFileType = sourcecode.swift; path = SkillVC.swift; sourceTree = "<group>"; };
		30B896AB21D49BDD004BA505 /* Swoosh-iOS.app */ = {isa = PBXFileReference; explicitFileType = wrapper.application; includeInIndex = 0; path = "Swoosh-iOS.app"; sourceTree = BUILT_PRODUCTS_DIR; };
		30B896AE21D49BDD004BA505 /* AppDelegate.swift */ = {isa = PBXFileReference; lastKnownFileType = sourcecode.swift; path = AppDelegate.swift; sourceTree = "<group>"; };
		30B896B021D49BDD004BA505 /* WelcomeVC.swift */ = {isa = PBXFileReference; lastKnownFileType = sourcecode.swift; path = WelcomeVC.swift; sourceTree = "<group>"; };
		30B896B321D49BDD004BA505 /* Base */ = {isa = PBXFileReference; lastKnownFileType = file.storyboard; name = Base; path = Base.lproj/Main.storyboard; sourceTree = "<group>"; };
		30B896B521D49BDF004BA505 /* Assets.xcassets */ = {isa = PBXFileReference; lastKnownFileType = folder.assetcatalog; path = Assets.xcassets; sourceTree = "<group>"; };
		30B896B821D49BDF004BA505 /* Base */ = {isa = PBXFileReference; lastKnownFileType = file.storyboard; name = Base; path = Base.lproj/LaunchScreen.storyboard; sourceTree = "<group>"; };
		30B896BA21D49BDF004BA505 /* Info.plist */ = {isa = PBXFileReference; lastKnownFileType = text.plist.xml; path = Info.plist; sourceTree = "<group>"; };
		362F1F8E1C485B8CD45F7482 /* Pods-Swoosh-iOS.debug.xcconfig */ = {isa = PBXFileReference; includeInIndex = 1; lastKnownFileType = text.xcconfig; name = "Pods-Swoosh-iOS.debug.xcconfig"; path = "Pods/Target Support Files/Pods-Swoosh-iOS/Pods-Swoosh-iOS.debug.xcconfig"; sourceTree = "<group>"; };
		4263815F0B723030F7776EFC /* Pods-Swoosh-iOS.release.xcconfig */ = {isa = PBXFileReference; includeInIndex = 1; lastKnownFileType = text.xcconfig; name = "Pods-Swoosh-iOS.release.xcconfig"; path = "Pods/Target Support Files/Pods-Swoosh-iOS/Pods-Swoosh-iOS.release.xcconfig"; sourceTree = "<group>"; };
/* End PBXFileReference section */

/* Begin PBXFrameworksBuildPhase section */
		30B896A821D49BDD004BA505 /* Frameworks */ = {
			isa = PBXFrameworksBuildPhase;
			buildActionMask = 2147483647;
			files = (
				919A700D4C179487A3189512 /* Pods_Swoosh_iOS.framework in Frameworks */,
			);
			runOnlyForDeploymentPostprocessing = 0;
		};
/* End PBXFrameworksBuildPhase section */

/* Begin PBXGroup section */
		3005330121D4FDA600256AAA /* View */ = {
			isa = PBXGroup;
			children = (
				300532FF21D4A1F100256AAA /* BorderButton.swift */,
			);
			path = View;
			sourceTree = "<group>";
		};
		3005330221D4FDBC00256AAA /* Controller */ = {
			isa = PBXGroup;
			children = (
				30B896B021D49BDD004BA505 /* WelcomeVC.swift */,
				3005330421D4FEBA00256AAA /* LeagueVC.swift */,
				3005330621D4FEF100256AAA /* SkillVC.swift */,
			);
			path = Controller;
			sourceTree = "<group>";
		};
		3005330321D4FDC800256AAA /* Model */ = {
			isa = PBXGroup;
			children = (
			);
			path = Model;
			sourceTree = "<group>";
		};
		30B896A221D49BDD004BA505 = {
			isa = PBXGroup;
			children = (
				30B896AD21D49BDD004BA505 /* Swoosh-iOS */,
				30B896AC21D49BDD004BA505 /* Products */,
				A9FB6E8592010A3B813746A8 /* Pods */,
				E745D25002BDA00C66CA6350 /* Frameworks */,
			);
			sourceTree = "<group>";
		};
		30B896AC21D49BDD004BA505 /* Products */ = {
			isa = PBXGroup;
			children = (
				30B896AB21D49BDD004BA505 /* Swoosh-iOS.app */,
			);
			name = Products;
			sourceTree = "<group>";
		};
		30B896AD21D49BDD004BA505 /* Swoosh-iOS */ = {
			isa = PBXGroup;
			children = (
				30B896AE21D49BDD004BA505 /* AppDelegate.swift */,
				3005330321D4FDC800256AAA /* Model */,
				3005330221D4FDBC00256AAA /* Controller */,
				3005330121D4FDA600256AAA /* View */,
				30B896B221D49BDD004BA505 /* Main.storyboard */,
				30B896B521D49BDF004BA505 /* Assets.xcassets */,
				30B896B721D49BDF004BA505 /* LaunchScreen.storyboard */,
				30B896BA21D49BDF004BA505 /* Info.plist */,
			);
			path = "Swoosh-iOS";
			sourceTree = "<group>";
		};
		A9FB6E8592010A3B813746A8 /* Pods */ = {
			isa = PBXGroup;
			children = (
				362F1F8E1C485B8CD45F7482 /* Pods-Swoosh-iOS.debug.xcconfig */,
				4263815F0B723030F7776EFC /* Pods-Swoosh-iOS.release.xcconfig */,
			);
			name = Pods;
			sourceTree = "<group>";
		};
		E745D25002BDA00C66CA6350 /* Frameworks */ = {
			isa = PBXGroup;
			children = (
				28674D3FB2C01999CFD2FB43 /* Pods_Swoosh_iOS.framework */,
			);
			name = Frameworks;
			sourceTree = "<group>";
		};
/* End PBXGroup section */

/* Begin PBXNativeTarget section */
		30B896AA21D49BDD004BA505 /* Swoosh-iOS */ = {
			isa = PBXNativeTarget;
			buildConfigurationList = 30B896BD21D49BDF004BA505 /* Build configuration list for PBXNativeTarget "Swoosh-iOS" */;
			buildPhases = (
				1F03C8B4BA5DC4F0226571D7 /* [CP] Check Pods Manifest.lock */,
				30B896A721D49BDD004BA505 /* Sources */,
				30B896A821D49BDD004BA505 /* Frameworks */,
				30B896A921D49BDD004BA505 /* Resources */,
			);
			buildRules = (
			);
			dependencies = (
			);
			name = "Swoosh-iOS";
			productName = "Swoosh-iOS";
			productReference = 30B896AB21D49BDD004BA505 /* Swoosh-iOS.app */;
			productType = "com.apple.product-type.application";
		};
/* End PBXNativeTarget section */

/* Begin PBXProject section */
		30B896A321D49BDD004BA505 /* Project object */ = {
			isa = PBXProject;
			attributes = {
				LastSwiftUpdateCheck = 1000;
				LastUpgradeCheck = 1000;
				ORGANIZATIONNAME = "Tiara Mahardika";
				TargetAttributes = {
					30B896AA21D49BDD004BA505 = {
						CreatedOnToolsVersion = 10.0;
					};
				};
			};
			buildConfigurationList = 30B896A621D49BDD004BA505 /* Build configuration list for PBXProject "Swoosh-iOS" */;
			compatibilityVersion = "Xcode 9.3";
			developmentRegion = en;
			hasScannedForEncodings = 0;
			knownRegions = (
				en,
				Base,
			);
			mainGroup = 30B896A221D49BDD004BA505;
			productRefGroup = 30B896AC21D49BDD004BA505 /* Products */;
			projectDirPath = "";
			projectRoot = "";
			targets = (
				30B896AA21D49BDD004BA505 /* Swoosh-iOS */,
			);
		};
/* End PBXProject section */

/* Begin PBXResourcesBuildPhase section */
		30B896A921D49BDD004BA505 /* Resources */ = {
			isa = PBXResourcesBuildPhase;
			buildActionMask = 2147483647;
			files = (
				30B896B921D49BDF004BA505 /* LaunchScreen.storyboard in Resources */,
				30B896B621D49BDF004BA505 /* Assets.xcassets in Resources */,
				30B896B421D49BDD004BA505 /* Main.storyboard in Resources */,
			);
			runOnlyForDeploymentPostprocessing = 0;
		};
/* End PBXResourcesBuildPhase section */

/* Begin PBXShellScriptBuildPhase section */
		1F03C8B4BA5DC4F0226571D7 /* [CP] Check Pods Manifest.lock */ = {
			isa = PBXShellScriptBuildPhase;
			buildActionMask = 2147483647;
			files = (
			);
			inputPaths = (
				"${PODS_PODFILE_DIR_PATH}/Podfile.lock",
				"${PODS_ROOT}/Manifest.lock",
			);
			name = "[CP] Check Pods Manifest.lock";
			outputPaths = (
				"$(DERIVED_FILE_DIR)/Pods-Swoosh-iOS-checkManifestLockResult.txt",
			);
			runOnlyForDeploymentPostprocessing = 0;
			shellPath = /bin/sh;
			shellScript = "diff \"${PODS_PODFILE_DIR_PATH}/Podfile.lock\" \"${PODS_ROOT}/Manifest.lock\" > /dev/null\nif [ $? != 0 ] ; then\n    # print error to STDERR\n    echo \"error: The sandbox is not in sync with the Podfile.lock. Run 'pod install' or update your CocoaPods installation.\" >&2\n    exit 1\nfi\n# This output is used by Xcode 'outputs' to avoid re-running this script phase.\necho \"SUCCESS\" > \"${SCRIPT_OUTPUT_FILE_0}\"\n";
			showEnvVarsInLog = 0;
		};
/* End PBXShellScriptBuildPhase section */

/* Begin PBXSourcesBuildPhase section */
		30B896A721D49BDD004BA505 /* Sources */ = {
			isa = PBXSourcesBuildPhase;
			buildActionMask = 2147483647;
			files = (
				30B896B121D49BDD004BA505 /* WelcomeVC.swift in Sources */,
				3005330521D4FEBA00256AAA /* LeagueVC.swift in Sources */,
				30B896AF21D49BDD004BA505 /* AppDelegate.swift in Sources */,
				3005330721D4FEF100256AAA /* SkillVC.swift in Sources */,
				3005330021D4A1F100256AAA /* BorderButton.swift in Sources */,
			);
			runOnlyForDeploymentPostprocessing = 0;
		};
/* End PBXSourcesBuildPhase section */

/* Begin PBXVariantGroup section */
		30B896B221D49BDD004BA505 /* Main.storyboard */ = {
			isa = PBXVariantGroup;
			children = (
				30B896B321D49BDD004BA505 /* Base */,
			);
			name = Main.storyboard;
			sourceTree = "<group>";
		};
		30B896B721D49BDF004BA505 /* LaunchScreen.storyboard */ = {
			isa = PBXVariantGroup;
			children = (
				30B896B821D49BDF004BA505 /* Base */,
			);
			name = LaunchScreen.storyboard;
			sourceTree = "<group>";
		};
/* End PBXVariantGroup section */

/* Begin XCBuildConfiguration section */
		30B896BB21D49BDF004BA505 /* Debug */ = {
			isa = XCBuildConfiguration;
			buildSettings = {
				ALWAYS_SEARCH_USER_PATHS = NO;
				CLANG_ANALYZER_NONNULL = YES;
				CLANG_ANALYZER_NUMBER_OBJECT_CONVERSION = YES_AGGRESSIVE;
				CLANG_CXX_LANGUAGE_STANDARD = "gnu++14";
				CLANG_CXX_LIBRARY = "libc++";
				CLANG_ENABLE_MODULES = YES;
				CLANG_ENABLE_OBJC_ARC = YES;
				CLANG_ENABLE_OBJC_WEAK = YES;
				CLANG_WARN_BLOCK_CAPTURE_AUTORELEASING = YES;
				CLANG_WARN_BOOL_CONVERSION = YES;
				CLANG_WARN_COMMA = YES;
				CLANG_WARN_CONSTANT_CONVERSION = YES;
				CLANG_WARN_DEPRECATED_OBJC_IMPLEMENTATIONS = YES;
				CLANG_WARN_DIRECT_OBJC_ISA_USAGE = YES_ERROR;
				CLANG_WARN_DOCUMENTATION_COMMENTS = YES;
				CLANG_WARN_EMPTY_BODY = YES;
				CLANG_WARN_ENUM_CONVERSION = YES;
				CLANG_WARN_INFINITE_RECURSION = YES;
				CLANG_WARN_INT_CONVERSION = YES;
				CLANG_WARN_NON_LITERAL_NULL_CONVERSION = YES;
				CLANG_WARN_OBJC_IMPLICIT_RETAIN_SELF = YES;
				CLANG_WARN_OBJC_LITERAL_CONVERSION = YES;
				CLANG_WARN_OBJC_ROOT_CLASS = YES_ERROR;
				CLANG_WARN_RANGE_LOOP_ANALYSIS = YES;
				CLANG_WARN_STRICT_PROTOTYPES = YES;
				CLANG_WARN_SUSPICIOUS_MOVE = YES;
				CLANG_WARN_UNGUARDED_AVAILABILITY = YES_AGGRESSIVE;
				CLANG_WARN_UNREACHABLE_CODE = YES;
				CLANG_WARN__DUPLICATE_METHOD_MATCH = YES;
				CODE_SIGN_IDENTITY = "iPhone Developer";
				COPY_PHASE_STRIP = NO;
				DEBUG_INFORMATION_FORMAT = dwarf;
				ENABLE_STRICT_OBJC_MSGSEND = YES;
				ENABLE_TESTABILITY = YES;
				GCC_C_LANGUAGE_STANDARD = gnu11;
				GCC_DYNAMIC_NO_PIC = NO;
				GCC_NO_COMMON_BLOCKS = YES;
				GCC_OPTIMIZATION_LEVEL = 0;
				GCC_PREPROCESSOR_DEFINITIONS = (
					"DEBUG=1",
					"$(inherited)",
				);
				GCC_WARN_64_TO_32_BIT_CONVERSION = YES;
				GCC_WARN_ABOUT_RETURN_TYPE = YES_ERROR;
				GCC_WARN_UNDECLARED_SELECTOR = YES;
				GCC_WARN_UNINITIALIZED_AUTOS = YES_AGGRESSIVE;
				GCC_WARN_UNUSED_FUNCTION = YES;
				GCC_WARN_UNUSED_VARIABLE = YES;
				IPHONEOS_DEPLOYMENT_TARGET = 12.0;
				MTL_ENABLE_DEBUG_INFO = INCLUDE_SOURCE;
				MTL_FAST_MATH = YES;
				ONLY_ACTIVE_ARCH = YES;
				SDKROOT = iphoneos;
				SWIFT_ACTIVE_COMPILATION_CONDITIONS = DEBUG;
				SWIFT_OPTIMIZATION_LEVEL = "-Onone";
			};
			name = Debug;
		};
		30B896BC21D49BDF004BA505 /* Release */ = {
			isa = XCBuildConfiguration;
			buildSettings = {
				ALWAYS_SEARCH_USER_PATHS = NO;
				CLANG_ANALYZER_NONNULL = YES;
				CLANG_ANALYZER_NUMBER_OBJECT_CONVERSION = YES_AGGRESSIVE;
				CLANG_CXX_LANGUAGE_STANDARD = "gnu++14";
				CLANG_CXX_LIBRARY = "libc++";
				CLANG_ENABLE_MODULES = YES;
				CLANG_ENABLE_OBJC_ARC = YES;
				CLANG_ENABLE_OBJC_WEAK = YES;
				CLANG_WARN_BLOCK_CAPTURE_AUTORELEASING = YES;
				CLANG_WARN_BOOL_CONVERSION = YES;
				CLANG_WARN_COMMA = YES;
				CLANG_WARN_CONSTANT_CONVERSION = YES;
				CLANG_WARN_DEPRECATED_OBJC_IMPLEMENTATIONS = YES;
				CLANG_WARN_DIRECT_OBJC_ISA_USAGE = YES_ERROR;
				CLANG_WARN_DOCUMENTATION_COMMENTS = YES;
				CLANG_WARN_EMPTY_BODY = YES;
				CLANG_WARN_ENUM_CONVERSION = YES;
				CLANG_WARN_INFINITE_RECURSION = YES;
				CLANG_WARN_INT_CONVERSION = YES;
				CLANG_WARN_NON_LITERAL_NULL_CONVERSION = YES;
				CLANG_WARN_OBJC_IMPLICIT_RETAIN_SELF = YES;
				CLANG_WARN_OBJC_LITERAL_CONVERSION = YES;
				CLANG_WARN_OBJC_ROOT_CLASS = YES_ERROR;
				CLANG_WARN_RANGE_LOOP_ANALYSIS = YES;
				CLANG_WARN_STRICT_PROTOTYPES = YES;
				CLANG_WARN_SUSPICIOUS_MOVE = YES;
				CLANG_WARN_UNGUARDED_AVAILABILITY = YES_AGGRESSIVE;
				CLANG_WARN_UNREACHABLE_CODE = YES;
				CLANG_WARN__DUPLICATE_METHOD_MATCH = YES;
				CODE_SIGN_IDENTITY = "iPhone Developer";
				COPY_PHASE_STRIP = NO;
				DEBUG_INFORMATION_FORMAT = "dwarf-with-dsym";
				ENABLE_NS_ASSERTIONS = NO;
				ENABLE_STRICT_OBJC_MSGSEND = YES;
				GCC_C_LANGUAGE_STANDARD = gnu11;
				GCC_NO_COMMON_BLOCKS = YES;
				GCC_WARN_64_TO_32_BIT_CONVERSION = YES;
				GCC_WARN_ABOUT_RETURN_TYPE = YES_ERROR;
				GCC_WARN_UNDECLARED_SELECTOR = YES;
				GCC_WARN_UNINITIALIZED_AUTOS = YES_AGGRESSIVE;
				GCC_WARN_UNUSED_FUNCTION = YES;
				GCC_WARN_UNUSED_VARIABLE = YES;
				IPHONEOS_DEPLOYMENT_TARGET = 12.0;
				MTL_ENABLE_DEBUG_INFO = NO;
				MTL_FAST_MATH = YES;
				SDKROOT = iphoneos;
				SWIFT_COMPILATION_MODE = wholemodule;
				SWIFT_OPTIMIZATION_LEVEL = "-O";
				VALIDATE_PRODUCT = YES;
			};
			name = Release;
		};
		30B896BE21D49BDF004BA505 /* Debug */ = {
			isa = XCBuildConfiguration;
			baseConfigurationReference = 362F1F8E1C485B8CD45F7482 /* Pods-Swoosh-iOS.debug.xcconfig */;
			buildSettings = {
				ASSETCATALOG_COMPILER_APPICON_NAME = AppIcon;
				CODE_SIGN_STYLE = Automatic;
				INFOPLIST_FILE = "Swoosh-iOS/Info.plist";
				LD_RUNPATH_SEARCH_PATHS = (
					"$(inherited)",
					"@executable_path/Frameworks",
				);
				PRODUCT_BUNDLE_IDENTIFIER = "tiara.Swoosh-iOS";
				PRODUCT_NAME = "$(TARGET_NAME)";
				SWIFT_VERSION = 4.2;
				TARGETED_DEVICE_FAMILY = "1,2";
			};
			name = Debug;
		};
		30B896BF21D49BDF004BA505 /* Release */ = {
			isa = XCBuildConfiguration;
			baseConfigurationReference = 4263815F0B723030F7776EFC /* Pods-Swoosh-iOS.release.xcconfig */;
			buildSettings = {
				ASSETCATALOG_COMPILER_APPICON_NAME = AppIcon;
				CODE_SIGN_STYLE = Automatic;
				INFOPLIST_FILE = "Swoosh-iOS/Info.plist";
				LD_RUNPATH_SEARCH_PATHS = (
					"$(inherited)",
					"@executable_path/Frameworks",
				);
				PRODUCT_BUNDLE_IDENTIFIER = "tiara.Swoosh-iOS";
				PRODUCT_NAME = "$(TARGET_NAME)";
				SWIFT_VERSION = 4.2;
				TARGETED_DEVICE_FAMILY = "1,2";
			};
			name = Release;
		};
/* End XCBuildConfiguration section */

/* Begin XCConfigurationList section */
		30B896A621D49BDD004BA505 /* Build configuration list for PBXProject "Swoosh-iOS" */ = {
			isa = XCConfigurationList;
			buildConfigurations = (
				30B896BB21D49BDF004BA505 /* Debug */,
				30B896BC21D49BDF004BA505 /* Release */,
			);
			defaultConfigurationIsVisible = 0;
			defaultConfigurationName = Release;
		};
		30B896BD21D49BDF004BA505 /* Build configuration list for PBXNativeTarget "Swoosh-iOS" */ = {
			isa = XCConfigurationList;
			buildConfigurations = (
				30B896BE21D49BDF004BA505 /* Debug */,
				30B896BF21D49BDF004BA505 /* Release */,
			);
			defaultConfigurationIsVisible = 0;
			defaultConfigurationName = Release;
		};
/* End XCConfigurationList section */
	};
	rootObject = 30B896A321D49BDD004BA505 /* Project object */;
}
